
Microsoft Visual Studio Solution File, Format Version 12.00
# Visual Studio Version 16
VisualStudioVersion = 16.0.29102.190
MinimumVisualStudioVersion = 10.0.40219.1
Project("{9A19103F-16F7-4668-BE54-9A1E7A4F7556}") = "SudokuHelper", "SudokuHelper\SudokuHelper.csproj", "{9777C46E-F9C0-4B5B-9C95-FB9BAAE13EE8}"
EndProject
Project("{9A19103F-16F7-4668-BE54-9A1E7A4F7556}") = "BitPrefixTrie", "BitPrefixTrie\BitPrefixTrie.csproj", "{45A41B1C-6935-4446-BBD9-0886BD2D76F1}"
EndProject
Project("{9A19103F-16F7-4668-BE54-9A1E7A4F7556}") = "BitPrefixTrieTests", "BitPrefixTrieTests\BitPrefixTrieTests.csproj", "{96031D20-6BD7-458E-860A-5B8BB2C44682}"
EndProject
Project("{9A19103F-16F7-4668-BE54-9A1E7A4F7556}") = "PhoneBook", "TestPersistentTrie\PhoneBook.csproj", "{29236E41-6DAC-4315-B0F3-079E4C17EC8A}"
EndProject
Project("{FAE04EC0-301F-11D3-BF4B-00C04F79EFBC}") = "DutchNameGenerator", "DutchNameGenerator\DutchNameGenerator.csproj", "{6D172672-605E-4399-A629-1C15B6C86720}"
EndProject
Project("{FAE04EC0-301F-11D3-BF4B-00C04F79EFBC}") = "DutchFamilyNamesTests", "DutchFamilyNamesTests\DutchFamilyNamesTests.csproj", "{067BAC8B-4A2E-47F8-82E7-425641CE45DE}"
EndProject
Global
	GlobalSection(SolutionConfigurationPlatforms) = preSolution
		Debug|Any CPU = Debug|Any CPU
		Release|Any CPU = Release|Any CPU
	EndGlobalSection
	GlobalSection(ProjectConfigurationPlatforms) = postSolution
		{9777C46E-F9C0-4B5B-9C95-FB9BAAE13EE8}.Debug|Any CPU.ActiveCfg = Debug|Any CPU
		{9777C46E-F9C0-4B5B-9C95-FB9BAAE13EE8}.Debug|Any CPU.Build.0 = Debug|Any CPU
		{9777C46E-F9C0-4B5B-9C95-FB9BAAE13EE8}.Release|Any CPU.ActiveCfg = Release|Any CPU
		{9777C46E-F9C0-4B5B-9C95-FB9BAAE13EE8}.Release|Any CPU.Build.0 = Release|Any CPU
		{45A41B1C-6935-4446-BBD9-0886BD2D76F1}.Debug|Any CPU.ActiveCfg = Debug|Any CPU
		{45A41B1C-6935-4446-BBD9-0886BD2D76F1}.Debug|Any CPU.Build.0 = Debug|Any CPU
		{45A41B1C-6935-4446-BBD9-0886BD2D76F1}.Release|Any CPU.ActiveCfg = Release|Any CPU
		{45A41B1C-6935-4446-BBD9-0886BD2D76F1}.Release|Any CPU.Build.0 = Release|Any CPU
		{96031D20-6BD7-458E-860A-5B8BB2C44682}.Debug|Any CPU.ActiveCfg = Debug|Any CPU
		{96031D20-6BD7-458E-860A-5B8BB2C44682}.Debug|Any CPU.Build.0 = Debug|Any CPU
		{96031D20-6BD7-458E-860A-5B8BB2C44682}.Release|Any CPU.ActiveCfg = Release|Any CPU
		{96031D20-6BD7-458E-860A-5B8BB2C44682}.Release|Any CPU.Build.0 = Release|Any CPU
		{29236E41-6DAC-4315-B0F3-079E4C17EC8A}.Debug|Any CPU.ActiveCfg = Debug|Any CPU
		{29236E41-6DAC-4315-B0F3-079E4C17EC8A}.Debug|Any CPU.Build.0 = Debug|Any CPU
		{29236E41-6DAC-4315-B0F3-079E4C17EC8A}.Release|Any CPU.ActiveCfg = Release|Any CPU
		{29236E41-6DAC-4315-B0F3-079E4C17EC8A}.Release|Any CPU.Build.0 = Release|Any CPU
		{6D172672-605E-4399-A629-1C15B6C86720}.Debug|Any CPU.ActiveCfg = Debug|Any CPU
		{6D172672-605E-4399-A629-1C15B6C86720}.Debug|Any CPU.Build.0 = Debug|Any CPU
		{6D172672-605E-4399-A629-1C15B6C86720}.Release|Any CPU.ActiveCfg = Release|Any CPU
		{6D172672-605E-4399-A629-1C15B6C86720}.Release|Any CPU.Build.0 = Release|Any CPU
		{067BAC8B-4A2E-47F8-82E7-425641CE45DE}.Debug|Any CPU.ActiveCfg = Debug|Any CPU
		{067BAC8B-4A2E-47F8-82E7-425641CE45DE}.Debug|Any CPU.Build.0 = Debug|Any CPU
		{067BAC8B-4A2E-47F8-82E7-425641CE45DE}.Release|Any CPU.ActiveCfg = Release|Any CPU
		{067BAC8B-4A2E-47F8-82E7-425641CE45DE}.Release|Any CPU.Build.0 = Release|Any CPU
	EndGlobalSection
	GlobalSection(SolutionProperties) = preSolution
		HideSolutionNode = FALSE
	EndGlobalSection
	GlobalSection(ExtensibilityGlobals) = postSolution
		SolutionGuid = {0623E167-81B9-4D54-8ED8-3F278A41289F}
	EndGlobalSection
EndGlobal
